
Microsoft Visual Studio Solution File, Format Version 12.00
# Visual Studio Version 16
VisualStudioVersion = 16.0.34601.136
MinimumVisualStudioVersion = 10.0.40219.1
Project("{FAE04EC0-301F-11D3-BF4B-00C04F79EFBC}") = "operacionesBasicas", "operacionesBasicas.csproj", "{7383E596-5D03-4227-8FBF-BEE37F9D0FC8}"
EndProject
Global
	GlobalSection(SolutionConfigurationPlatforms) = preSolution
		Debug|Any CPU = Debug|Any CPU
		Release|Any CPU = Release|Any CPU
	EndGlobalSection
	GlobalSection(ProjectConfigurationPlatforms) = postSolution
		{7383E596-5D03-4227-8FBF-BEE37F9D0FC8}.Debug|Any CPU.ActiveCfg = Debug|Any CPU
		{7383E596-5D03-4227-8FBF-BEE37F9D0FC8}.Debug|Any CPU.Build.0 = Debug|Any CPU
		{7383E596-5D03-4227-8FBF-BEE37F9D0FC8}.Release|Any CPU.ActiveCfg = Release|Any CPU
		{7383E596-5D03-4227-8FBF-BEE37F9D0FC8}.Release|Any CPU.Build.0 = Release|Any CPU
	EndGlobalSection
	GlobalSection(SolutionProperties) = preSolution
		HideSolutionNode = FALSE
	EndGlobalSection
	GlobalSection(ExtensibilityGlobals) = postSolution
		SolutionGuid = {5F69AE93-F658-4E0F-988B-48B424376490}
	EndGlobalSection
EndGlobal
